
Microsoft Visual Studio Solution File, Format Version 12.00
# Visual Studio Version 17
VisualStudioVersion = 17.5.33414.496
MinimumVisualStudioVersion = 10.0.40219.1
Project("{888888A0-9F3D-457C-B088-3A5042F75D52}") = "ServercoinGUARDapp", "ServercoinGUARDapp.pyproj", "{59B25180-293E-444E-BFC8-4F281E75B37F}"
EndProject
Global
	GlobalSection(SolutionConfigurationPlatforms) = preSolution
		Debug|Any CPU = Debug|Any CPU
		Release|Any CPU = Release|Any CPU
	EndGlobalSection
	GlobalSection(ProjectConfigurationPlatforms) = postSolution
		{59B25180-293E-444E-BFC8-4F281E75B37F}.Debug|Any CPU.ActiveCfg = Debug|Any CPU
		{59B25180-293E-444E-BFC8-4F281E75B37F}.Release|Any CPU.ActiveCfg = Release|Any CPU
	EndGlobalSection
	GlobalSection(SolutionProperties) = preSolution
		HideSolutionNode = FALSE
	EndGlobalSection
	GlobalSection(ExtensibilityGlobals) = postSolution
		SolutionGuid = {F445C8C5-32DB-481C-9C76-9A76D357A9FF}
	EndGlobalSection
EndGlobal
